
Microsoft Visual Studio Solution File, Format Version 12.00
# Visual Studio Version 16
VisualStudioVersion = 16.0.30413.136
MinimumVisualStudioVersion = 10.0.40219.1
Project("{FAE04EC0-301F-11D3-BF4B-00C04F79EFBC}") = "Program2", "Program2\Program2.csproj", "{10CCD4DC-2CAE-4412-A15B-055AE1D0DE6A}"
EndProject
Global
	GlobalSection(SolutionConfigurationPlatforms) = preSolution
		Debug|Any CPU = Debug|Any CPU
		Release|Any CPU = Release|Any CPU
	EndGlobalSection
	GlobalSection(ProjectConfigurationPlatforms) = postSolution
		{10CCD4DC-2CAE-4412-A15B-055AE1D0DE6A}.Debug|Any CPU.ActiveCfg = Debug|Any CPU
		{10CCD4DC-2CAE-4412-A15B-055AE1D0DE6A}.Debug|Any CPU.Build.0 = Debug|Any CPU
		{10CCD4DC-2CAE-4412-A15B-055AE1D0DE6A}.Release|Any CPU.ActiveCfg = Release|Any CPU
		{10CCD4DC-2CAE-4412-A15B-055AE1D0DE6A}.Release|Any CPU.Build.0 = Release|Any CPU
	EndGlobalSection
	GlobalSection(SolutionProperties) = preSolution
		HideSolutionNode = FALSE
	EndGlobalSection
	GlobalSection(ExtensibilityGlobals) = postSolution
		SolutionGuid = {2C1DD2EC-499C-4034-B441-83294BCE7E4E}
	EndGlobalSection
EndGlobal
